// !$*UTF8*$!
{
	archiveVersion = 1;
	classes = {
	};
	objectVersion = 56;
	objects = {

/* Begin PBXBuildFile section */
		CC3657C20C13185099D76337 /* libPods-AMA.a in Frameworks */ = {isa = PBXBuildFile; fileRef = 1BFD4C27EB1DC597E8FCF7FF /* libPods-AMA.a */; };
		EE22BE1C2BBC1E4300577484 /* AppDelegate.swift in Sources */ = {isa = PBXBuildFile; fileRef = EE22BE1B2BBC1E4300577484 /* AppDelegate.swift */; };
		EE22BE1E2BBC1E4300577484 /* SceneDelegate.swift in Sources */ = {isa = PBXBuildFile; fileRef = EE22BE1D2BBC1E4300577484 /* SceneDelegate.swift */; };
		EE22BE202BBC1E4300577484 /* ViewController.swift in Sources */ = {isa = PBXBuildFile; fileRef = EE22BE1F2BBC1E4300577484 /* ViewController.swift */; };
		EE22BE252BBC1E4500577484 /* Assets.xcassets in Resources */ = {isa = PBXBuildFile; fileRef = EE22BE242BBC1E4500577484 /* Assets.xcassets */; };
		EE22BE282BBC1E4500577484 /* LaunchScreen.storyboard in Resources */ = {isa = PBXBuildFile; fileRef = EE22BE262BBC1E4500577484 /* LaunchScreen.storyboard */; };
		EE22BE382BBC24CC00577484 /* SnapKit in Frameworks */ = {isa = PBXBuildFile; productRef = EE22BE372BBC24CC00577484 /* SnapKit */; };
		EE22BE3D2BBC251D00577484 /* RxBlocking in Frameworks */ = {isa = PBXBuildFile; productRef = EE22BE3C2BBC251D00577484 /* RxBlocking */; };
		EE22BE412BBC251D00577484 /* RxCocoa in Frameworks */ = {isa = PBXBuildFile; productRef = EE22BE402BBC251D00577484 /* RxCocoa */; };
		EE22BE452BBC251D00577484 /* RxRelay in Frameworks */ = {isa = PBXBuildFile; productRef = EE22BE442BBC251D00577484 /* RxRelay */; };
		EE22BE472BBC265A00577484 /* Networks.swift in Sources */ = {isa = PBXBuildFile; fileRef = EE22BE462BBC265A00577484 /* Networks.swift */; };
		EE22BE4B2BBC26E300577484 /* AEDResponse.swift in Sources */ = {isa = PBXBuildFile; fileRef = EE22BE4A2BBC26E300577484 /* AEDResponse.swift */; };
		EE22BE4D2BBC275000577484 /* UseCase.swift in Sources */ = {isa = PBXBuildFile; fileRef = EE22BE4C2BBC275000577484 /* UseCase.swift */; };
		EE22BE4F2BBC27EE00577484 /* CalculatingFigma.swift in Sources */ = {isa = PBXBuildFile; fileRef = EE22BE4E2BBC27EE00577484 /* CalculatingFigma.swift */; };
/* End PBXBuildFile section */

/* Begin PBXFileReference section */
		1BFD4C27EB1DC597E8FCF7FF /* libPods-AMA.a */ = {isa = PBXFileReference; explicitFileType = archive.ar; includeInIndex = 0; path = "libPods-AMA.a"; sourceTree = BUILT_PRODUCTS_DIR; };
		2512C29C12A6D13F5E96D6CC /* Pods-AMA.release.xcconfig */ = {isa = PBXFileReference; includeInIndex = 1; lastKnownFileType = text.xcconfig; name = "Pods-AMA.release.xcconfig"; path = "Target Support Files/Pods-AMA/Pods-AMA.release.xcconfig"; sourceTree = "<group>"; };
		ABBEDDA5CD96AB9AA18E223E /* Pods-AMA.debug.xcconfig */ = {isa = PBXFileReference; includeInIndex = 1; lastKnownFileType = text.xcconfig; name = "Pods-AMA.debug.xcconfig"; path = "Target Support Files/Pods-AMA/Pods-AMA.debug.xcconfig"; sourceTree = "<group>"; };
		EE22BE182BBC1E4300577484 /* AMA.app */ = {isa = PBXFileReference; explicitFileType = wrapper.application; includeInIndex = 0; path = AMA.app; sourceTree = BUILT_PRODUCTS_DIR; };
		EE22BE1B2BBC1E4300577484 /* AppDelegate.swift */ = {isa = PBXFileReference; lastKnownFileType = sourcecode.swift; path = AppDelegate.swift; sourceTree = "<group>"; };
		EE22BE1D2BBC1E4300577484 /* SceneDelegate.swift */ = {isa = PBXFileReference; lastKnownFileType = sourcecode.swift; path = SceneDelegate.swift; sourceTree = "<group>"; };
		EE22BE1F2BBC1E4300577484 /* ViewController.swift */ = {isa = PBXFileReference; lastKnownFileType = sourcecode.swift; path = ViewController.swift; sourceTree = "<group>"; };
		EE22BE242BBC1E4500577484 /* Assets.xcassets */ = {isa = PBXFileReference; lastKnownFileType = folder.assetcatalog; path = Assets.xcassets; sourceTree = "<group>"; };
		EE22BE272BBC1E4500577484 /* Base */ = {isa = PBXFileReference; lastKnownFileType = file.storyboard; name = Base; path = Base.lproj/LaunchScreen.storyboard; sourceTree = "<group>"; };
		EE22BE292BBC1E4500577484 /* Info.plist */ = {isa = PBXFileReference; lastKnownFileType = text.plist.xml; path = Info.plist; sourceTree = "<group>"; };
		EE22BE462BBC265A00577484 /* Networks.swift */ = {isa = PBXFileReference; lastKnownFileType = sourcecode.swift; path = Networks.swift; sourceTree = "<group>"; };
		EE22BE4A2BBC26E300577484 /* AEDResponse.swift */ = {isa = PBXFileReference; lastKnownFileType = sourcecode.swift; path = AEDResponse.swift; sourceTree = "<group>"; };
		EE22BE4C2BBC275000577484 /* UseCase.swift */ = {isa = PBXFileReference; lastKnownFileType = sourcecode.swift; path = UseCase.swift; sourceTree = "<group>"; };
		EE22BE4E2BBC27EE00577484 /* CalculatingFigma.swift */ = {isa = PBXFileReference; lastKnownFileType = sourcecode.swift; path = CalculatingFigma.swift; sourceTree = "<group>"; };
/* End PBXFileReference section */

/* Begin PBXFrameworksBuildPhase section */
		EE22BE152BBC1E4300577484 /* Frameworks */ = {
			isa = PBXFrameworksBuildPhase;
			buildActionMask = 2147483647;
			files = (
				EE22BE382BBC24CC00577484 /* SnapKit in Frameworks */,
				EE22BE3D2BBC251D00577484 /* RxBlocking in Frameworks */,
				EE22BE452BBC251D00577484 /* RxRelay in Frameworks */,
				EE22BE412BBC251D00577484 /* RxCocoa in Frameworks */,
				CC3657C20C13185099D76337 /* libPods-AMA.a in Frameworks */,
			);
			runOnlyForDeploymentPostprocessing = 0;
		};
/* End PBXFrameworksBuildPhase section */

/* Begin PBXGroup section */
		728B7EE125374B7E5CE9CA6F /* Frameworks */ = {
			isa = PBXGroup;
			children = (
				1BFD4C27EB1DC597E8FCF7FF /* libPods-AMA.a */,
			);
			name = Frameworks;
			sourceTree = "<group>";
		};
		90D35CC7CF0B8432B574987D /* Pods */ = {
			isa = PBXGroup;
			children = (
				ABBEDDA5CD96AB9AA18E223E /* Pods-AMA.debug.xcconfig */,
				2512C29C12A6D13F5E96D6CC /* Pods-AMA.release.xcconfig */,
			);
			path = Pods;
			sourceTree = "<group>";
		};
		EE22BE0F2BBC1E4300577484 = {
			isa = PBXGroup;
			children = (
				EE22BE1A2BBC1E4300577484 /* AMA */,
				EE22BE192BBC1E4300577484 /* Products */,
				90D35CC7CF0B8432B574987D /* Pods */,
				728B7EE125374B7E5CE9CA6F /* Frameworks */,
			);
			sourceTree = "<group>";
		};
		EE22BE192BBC1E4300577484 /* Products */ = {
			isa = PBXGroup;
			children = (
				EE22BE182BBC1E4300577484 /* AMA.app */,
			);
			name = Products;
			sourceTree = "<group>";
		};
		EE22BE1A2BBC1E4300577484 /* AMA */ = {
			isa = PBXGroup;
			children = (
				EE22BE312BBC1EEB00577484 /* Domain */,
				EE22BE302BBC1EE300577484 /* Data */,
				EE22BE322BBC1EF900577484 /* Presentation */,
				EE22BE342BBC1F1F00577484 /* Utils */,
				EE22BE2F2BBC1ED300577484 /* Application */,
				EE22BE332BBC1F1000577484 /* Resources */,
			);
			path = AMA;
			sourceTree = "<group>";
		};
		EE22BE2F2BBC1ED300577484 /* Application */ = {
			isa = PBXGroup;
			children = (
				EE22BE352BBC1F7D00577484 /* Config */,
				EE22BE1B2BBC1E4300577484 /* AppDelegate.swift */,
				EE22BE1D2BBC1E4300577484 /* SceneDelegate.swift */,
			);
			path = Application;
			sourceTree = "<group>";
		};
		EE22BE302BBC1EE300577484 /* Data */ = {
			isa = PBXGroup;
			children = (
				EE22BE462BBC265A00577484 /* Networks.swift */,
			);
			path = Data;
			sourceTree = "<group>";
		};
		EE22BE312BBC1EEB00577484 /* Domain */ = {
			isa = PBXGroup;
			children = (
				EE22BE492BBC269800577484 /* Responses */,
				EE22BE482BBC268F00577484 /* Usecases */,
			);
			path = Domain;
			sourceTree = "<group>";
		};
		EE22BE322BBC1EF900577484 /* Presentation */ = {
			isa = PBXGroup;
			children = (
				EE22BE1F2BBC1E4300577484 /* ViewController.swift */,
				EE22BE262BBC1E4500577484 /* LaunchScreen.storyboard */,
			);
			path = Presentation;
			sourceTree = "<group>";
		};
		EE22BE332BBC1F1000577484 /* Resources */ = {
			isa = PBXGroup;
			children = (
				EE22BE242BBC1E4500577484 /* Assets.xcassets */,
			);
			path = Resources;
			sourceTree = "<group>";
		};
		EE22BE342BBC1F1F00577484 /* Utils */ = {
			isa = PBXGroup;
			children = (
				EE22BE4E2BBC27EE00577484 /* CalculatingFigma.swift */,
			);
			path = Utils;
			sourceTree = "<group>";
		};
		EE22BE352BBC1F7D00577484 /* Config */ = {
			isa = PBXGroup;
			children = (
				EE22BE292BBC1E4500577484 /* Info.plist */,
			);
			path = Config;
			sourceTree = "<group>";
		};
		EE22BE482BBC268F00577484 /* Usecases */ = {
			isa = PBXGroup;
			children = (
				EE22BE4C2BBC275000577484 /* UseCase.swift */,
			);
			path = Usecases;
			sourceTree = "<group>";
		};
		EE22BE492BBC269800577484 /* Responses */ = {
			isa = PBXGroup;
			children = (
				EE22BE4A2BBC26E300577484 /* AEDResponse.swift */,
			);
			path = Responses;
			sourceTree = "<group>";
		};
/* End PBXGroup section */

/* Begin PBXNativeTarget section */
		EE22BE172BBC1E4300577484 /* AMA */ = {
			isa = PBXNativeTarget;
			buildConfigurationList = EE22BE2C2BBC1E4500577484 /* Build configuration list for PBXNativeTarget "AMA" */;
			buildPhases = (
				754DD6C49D3CEC106EDAC8FE /* [CP] Check Pods Manifest.lock */,
				EE22BE142BBC1E4300577484 /* Sources */,
				EE22BE152BBC1E4300577484 /* Frameworks */,
				EE22BE162BBC1E4300577484 /* Resources */,
				B5FCC44D1C261F18BC0C9422 /* [CP] Embed Pods Frameworks */,
			);
			buildRules = (
			);
			dependencies = (
			);
			name = AMA;
			packageProductDependencies = (
				EE22BE372BBC24CC00577484 /* SnapKit */,
				EE22BE3C2BBC251D00577484 /* RxBlocking */,
				EE22BE402BBC251D00577484 /* RxCocoa */,
				EE22BE442BBC251D00577484 /* RxRelay */,
			);
			productName = AMA;
			productReference = EE22BE182BBC1E4300577484 /* AMA.app */;
			productType = "com.apple.product-type.application";
		};
/* End PBXNativeTarget section */

/* Begin PBXProject section */
		EE22BE102BBC1E4300577484 /* Project object */ = {
			isa = PBXProject;
			attributes = {
				BuildIndependentTargetsInParallel = 1;
				LastSwiftUpdateCheck = 1500;
				LastUpgradeCheck = 1500;
				TargetAttributes = {
					EE22BE172BBC1E4300577484 = {
						CreatedOnToolsVersion = 15.0;
					};
				};
			};
			buildConfigurationList = EE22BE132BBC1E4300577484 /* Build configuration list for PBXProject "AMA" */;
			compatibilityVersion = "Xcode 14.0";
			developmentRegion = en;
			hasScannedForEncodings = 0;
			knownRegions = (
				en,
				Base,
			);
			mainGroup = EE22BE0F2BBC1E4300577484;
			packageReferences = (
				EE22BE362BBC24CC00577484 /* XCRemoteSwiftPackageReference "SnapKit" */,
				EE22BE3B2BBC251D00577484 /* XCRemoteSwiftPackageReference "RxSwift" */,
			);
			productRefGroup = EE22BE192BBC1E4300577484 /* Products */;
			projectDirPath = "";
			projectRoot = "";
			targets = (
				EE22BE172BBC1E4300577484 /* AMA */,
			);
		};
/* End PBXProject section */

/* Begin PBXResourcesBuildPhase section */
		EE22BE162BBC1E4300577484 /* Resources */ = {
			isa = PBXResourcesBuildPhase;
			buildActionMask = 2147483647;
			files = (
				EE22BE282BBC1E4500577484 /* LaunchScreen.storyboard in Resources */,
				EE22BE252BBC1E4500577484 /* Assets.xcassets in Resources */,
			);
			runOnlyForDeploymentPostprocessing = 0;
		};
/* End PBXResourcesBuildPhase section */

/* Begin PBXShellScriptBuildPhase section */
		754DD6C49D3CEC106EDAC8FE /* [CP] Check Pods Manifest.lock */ = {
			isa = PBXShellScriptBuildPhase;
			buildActionMask = 2147483647;
			files = (
			);
			inputFileListPaths = (
			);
			inputPaths = (
				"${PODS_PODFILE_DIR_PATH}/Podfile.lock",
				"${PODS_ROOT}/Manifest.lock",
			);
			name = "[CP] Check Pods Manifest.lock";
			outputFileListPaths = (
			);
			outputPaths = (
				"$(DERIVED_FILE_DIR)/Pods-AMA-checkManifestLockResult.txt",
			);
			runOnlyForDeploymentPostprocessing = 0;
			shellPath = /bin/sh;
			shellScript = "diff \"${PODS_PODFILE_DIR_PATH}/Podfile.lock\" \"${PODS_ROOT}/Manifest.lock\" > /dev/null\nif [ $? != 0 ] ; then\n    # print error to STDERR\n    echo \"error: The sandbox is not in sync with the Podfile.lock. Run 'pod install' or update your CocoaPods installation.\" >&2\n    exit 1\nfi\n# This output is used by Xcode 'outputs' to avoid re-running this script phase.\necho \"SUCCESS\" > \"${SCRIPT_OUTPUT_FILE_0}\"\n";
			showEnvVarsInLog = 0;
		};
		B5FCC44D1C261F18BC0C9422 /* [CP] Embed Pods Frameworks */ = {
			isa = PBXShellScriptBuildPhase;
			buildActionMask = 2147483647;
			files = (
			);
			inputFileListPaths = (
				"${PODS_ROOT}/Target Support Files/Pods-AMA/Pods-AMA-frameworks-${CONFIGURATION}-input-files.xcfilelist",
			);
			name = "[CP] Embed Pods Frameworks";
			outputFileListPaths = (
				"${PODS_ROOT}/Target Support Files/Pods-AMA/Pods-AMA-frameworks-${CONFIGURATION}-output-files.xcfilelist",
			);
			runOnlyForDeploymentPostprocessing = 0;
			shellPath = /bin/sh;
			shellScript = "\"${PODS_ROOT}/Target Support Files/Pods-AMA/Pods-AMA-frameworks.sh\"\n";
			showEnvVarsInLog = 0;
		};
/* End PBXShellScriptBuildPhase section */

/* Begin PBXSourcesBuildPhase section */
		EE22BE142BBC1E4300577484 /* Sources */ = {
			isa = PBXSourcesBuildPhase;
			buildActionMask = 2147483647;
			files = (
				EE22BE202BBC1E4300577484 /* ViewController.swift in Sources */,
				EE22BE1C2BBC1E4300577484 /* AppDelegate.swift in Sources */,
				EE22BE472BBC265A00577484 /* Networks.swift in Sources */,
				EE22BE4F2BBC27EE00577484 /* CalculatingFigma.swift in Sources */,
				EE22BE4D2BBC275000577484 /* UseCase.swift in Sources */,
				EE22BE4B2BBC26E300577484 /* AEDResponse.swift in Sources */,
				EE22BE1E2BBC1E4300577484 /* SceneDelegate.swift in Sources */,
			);
			runOnlyForDeploymentPostprocessing = 0;
		};
/* End PBXSourcesBuildPhase section */

/* Begin PBXVariantGroup section */
		EE22BE262BBC1E4500577484 /* LaunchScreen.storyboard */ = {
			isa = PBXVariantGroup;
			children = (
				EE22BE272BBC1E4500577484 /* Base */,
			);
			name = LaunchScreen.storyboard;
			sourceTree = "<group>";
		};
/* End PBXVariantGroup section */

/* Begin XCBuildConfiguration section */
		EE22BE2A2BBC1E4500577484 /* Debug */ = {
			isa = XCBuildConfiguration;
			buildSettings = {
				ALWAYS_SEARCH_USER_PATHS = NO;
				ASSETCATALOG_COMPILER_GENERATE_SWIFT_ASSET_SYMBOL_EXTENSIONS = YES;
				CLANG_ANALYZER_NONNULL = YES;
				CLANG_ANALYZER_NUMBER_OBJECT_CONVERSION = YES_AGGRESSIVE;
				CLANG_CXX_LANGUAGE_STANDARD = "gnu++20";
				CLANG_ENABLE_MODULES = YES;
				CLANG_ENABLE_OBJC_ARC = YES;
				CLANG_ENABLE_OBJC_WEAK = YES;
				CLANG_WARN_BLOCK_CAPTURE_AUTORELEASING = YES;
				CLANG_WARN_BOOL_CONVERSION = YES;
				CLANG_WARN_COMMA = YES;
				CLANG_WARN_CONSTANT_CONVERSION = YES;
				CLANG_WARN_DEPRECATED_OBJC_IMPLEMENTATIONS = YES;
				CLANG_WARN_DIRECT_OBJC_ISA_USAGE = YES_ERROR;
				CLANG_WARN_DOCUMENTATION_COMMENTS = YES;
				CLANG_WARN_EMPTY_BODY = YES;
				CLANG_WARN_ENUM_CONVERSION = YES;
				CLANG_WARN_INFINITE_RECURSION = YES;
				CLANG_WARN_INT_CONVERSION = YES;
				CLANG_WARN_NON_LITERAL_NULL_CONVERSION = YES;
				CLANG_WARN_OBJC_IMPLICIT_RETAIN_SELF = YES;
				CLANG_WARN_OBJC_LITERAL_CONVERSION = YES;
				CLANG_WARN_OBJC_ROOT_CLASS = YES_ERROR;
				CLANG_WARN_QUOTED_INCLUDE_IN_FRAMEWORK_HEADER = YES;
				CLANG_WARN_RANGE_LOOP_ANALYSIS = YES;
				CLANG_WARN_STRICT_PROTOTYPES = YES;
				CLANG_WARN_SUSPICIOUS_MOVE = YES;
				CLANG_WARN_UNGUARDED_AVAILABILITY = YES_AGGRESSIVE;
				CLANG_WARN_UNREACHABLE_CODE = YES;
				CLANG_WARN__DUPLICATE_METHOD_MATCH = YES;
				COPY_PHASE_STRIP = NO;
				DEBUG_INFORMATION_FORMAT = dwarf;
				ENABLE_STRICT_OBJC_MSGSEND = YES;
				ENABLE_TESTABILITY = YES;
				ENABLE_USER_SCRIPT_SANDBOXING = NO;
				GCC_C_LANGUAGE_STANDARD = gnu17;
				GCC_DYNAMIC_NO_PIC = NO;
				GCC_NO_COMMON_BLOCKS = YES;
				GCC_OPTIMIZATION_LEVEL = 0;
				GCC_PREPROCESSOR_DEFINITIONS = (
					"DEBUG=1",
					"$(inherited)",
				);
				GCC_WARN_64_TO_32_BIT_CONVERSION = YES;
				GCC_WARN_ABOUT_RETURN_TYPE = YES_ERROR;
				GCC_WARN_UNDECLARED_SELECTOR = YES;
				GCC_WARN_UNINITIALIZED_AUTOS = YES_AGGRESSIVE;
				GCC_WARN_UNUSED_FUNCTION = YES;
				GCC_WARN_UNUSED_VARIABLE = YES;
				IPHONEOS_DEPLOYMENT_TARGET = 15.0;
				LOCALIZATION_PREFERS_STRING_CATALOGS = YES;
				MTL_ENABLE_DEBUG_INFO = INCLUDE_SOURCE;
				MTL_FAST_MATH = YES;
				ONLY_ACTIVE_ARCH = YES;
				SDKROOT = iphoneos;
				SWIFT_ACTIVE_COMPILATION_CONDITIONS = "DEBUG $(inherited)";
				SWIFT_OPTIMIZATION_LEVEL = "-Onone";
			};
			name = Debug;
		};
		EE22BE2B2BBC1E4500577484 /* Release */ = {
			isa = XCBuildConfiguration;
			buildSettings = {
				ALWAYS_SEARCH_USER_PATHS = NO;
				ASSETCATALOG_COMPILER_GENERATE_SWIFT_ASSET_SYMBOL_EXTENSIONS = YES;
				CLANG_ANALYZER_NONNULL = YES;
				CLANG_ANALYZER_NUMBER_OBJECT_CONVERSION = YES_AGGRESSIVE;
				CLANG_CXX_LANGUAGE_STANDARD = "gnu++20";
				CLANG_ENABLE_MODULES = YES;
				CLANG_ENABLE_OBJC_ARC = YES;
				CLANG_ENABLE_OBJC_WEAK = YES;
				CLANG_WARN_BLOCK_CAPTURE_AUTORELEASING = YES;
				CLANG_WARN_BOOL_CONVERSION = YES;
				CLANG_WARN_COMMA = YES;
				CLANG_WARN_CONSTANT_CONVERSION = YES;
				CLANG_WARN_DEPRECATED_OBJC_IMPLEMENTATIONS = YES;
				CLANG_WARN_DIRECT_OBJC_ISA_USAGE = YES_ERROR;
				CLANG_WARN_DOCUMENTATION_COMMENTS = YES;
				CLANG_WARN_EMPTY_BODY = YES;
				CLANG_WARN_ENUM_CONVERSION = YES;
				CLANG_WARN_INFINITE_RECURSION = YES;
				CLANG_WARN_INT_CONVERSION = YES;
				CLANG_WARN_NON_LITERAL_NULL_CONVERSION = YES;
				CLANG_WARN_OBJC_IMPLICIT_RETAIN_SELF = YES;
				CLANG_WARN_OBJC_LITERAL_CONVERSION = YES;
				CLANG_WARN_OBJC_ROOT_CLASS = YES_ERROR;
				CLANG_WARN_QUOTED_INCLUDE_IN_FRAMEWORK_HEADER = YES;
				CLANG_WARN_RANGE_LOOP_ANALYSIS = YES;
				CLANG_WARN_STRICT_PROTOTYPES = YES;
				CLANG_WARN_SUSPICIOUS_MOVE = YES;
				CLANG_WARN_UNGUARDED_AVAILABILITY = YES_AGGRESSIVE;
				CLANG_WARN_UNREACHABLE_CODE = YES;
				CLANG_WARN__DUPLICATE_METHOD_MATCH = YES;
				COPY_PHASE_STRIP = NO;
				DEBUG_INFORMATION_FORMAT = "dwarf-with-dsym";
				ENABLE_NS_ASSERTIONS = NO;
				ENABLE_STRICT_OBJC_MSGSEND = YES;
				ENABLE_USER_SCRIPT_SANDBOXING = NO;
				GCC_C_LANGUAGE_STANDARD = gnu17;
				GCC_NO_COMMON_BLOCKS = YES;
				GCC_WARN_64_TO_32_BIT_CONVERSION = YES;
				GCC_WARN_ABOUT_RETURN_TYPE = YES_ERROR;
				GCC_WARN_UNDECLARED_SELECTOR = YES;
				GCC_WARN_UNINITIALIZED_AUTOS = YES_AGGRESSIVE;
				GCC_WARN_UNUSED_FUNCTION = YES;
				GCC_WARN_UNUSED_VARIABLE = YES;
				IPHONEOS_DEPLOYMENT_TARGET = 15.0;
				LOCALIZATION_PREFERS_STRING_CATALOGS = YES;
				MTL_ENABLE_DEBUG_INFO = NO;
				MTL_FAST_MATH = YES;
				SDKROOT = iphoneos;
				SWIFT_COMPILATION_MODE = wholemodule;
				VALIDATE_PRODUCT = YES;
			};
			name = Release;
		};
		EE22BE2D2BBC1E4500577484 /* Debug */ = {
			isa = XCBuildConfiguration;
			baseConfigurationReference = ABBEDDA5CD96AB9AA18E223E /* Pods-AMA.debug.xcconfig */;
			buildSettings = {
				ASSETCATALOG_COMPILER_APPICON_NAME = AppIcon;
				ASSETCATALOG_COMPILER_GLOBAL_ACCENT_COLOR_NAME = AccentColor;
				CODE_SIGN_STYLE = Automatic;
				CURRENT_PROJECT_VERSION = 1;
				DEVELOPMENT_TEAM = 585F6TK5A8;
				GENERATE_INFOPLIST_FILE = YES;
				INFOPLIST_FILE = AMA/Application/Config/Info.plist;
				INFOPLIST_KEY_UIApplicationSupportsIndirectInputEvents = YES;
				INFOPLIST_KEY_UILaunchStoryboardName = LaunchScreen;
				INFOPLIST_KEY_UIMainStoryboardFile = "";
				INFOPLIST_KEY_UISupportedInterfaceOrientations = UIInterfaceOrientationPortrait;
				INFOPLIST_KEY_UISupportedInterfaceOrientations_iPad = "UIInterfaceOrientationLandscapeLeft UIInterfaceOrientationLandscapeRight UIInterfaceOrientationPortrait UIInterfaceOrientationPortraitUpsideDown";
				IPHONEOS_DEPLOYMENT_TARGET = 15.0;
				LD_RUNPATH_SEARCH_PATHS = (
					"$(inherited)",
					"@executable_path/Frameworks",
				);
				MARKETING_VERSION = 1.0;
				PRODUCT_BUNDLE_IDENTIFIER = CAP3.AMA;
				PRODUCT_NAME = "$(TARGET_NAME)";
				SUPPORTED_PLATFORMS = "iphoneos iphonesimulator";
				SUPPORTS_MACCATALYST = NO;
				SUPPORTS_MAC_DESIGNED_FOR_IPHONE_IPAD = NO;
				SWIFT_EMIT_LOC_STRINGS = YES;
				SWIFT_VERSION = 5.0;
				TARGETED_DEVICE_FAMILY = 1;
			};
			name = Debug;
		};
		EE22BE2E2BBC1E4500577484 /* Release */ = {
			isa = XCBuildConfiguration;
			baseConfigurationReference = 2512C29C12A6D13F5E96D6CC /* Pods-AMA.release.xcconfig */;
			buildSettings = {
				ASSETCATALOG_COMPILER_APPICON_NAME = AppIcon;
				ASSETCATALOG_COMPILER_GLOBAL_ACCENT_COLOR_NAME = AccentColor;
				CODE_SIGN_STYLE = Automatic;
				CURRENT_PROJECT_VERSION = 1;
				DEVELOPMENT_TEAM = 585F6TK5A8;
				GENERATE_INFOPLIST_FILE = YES;
				INFOPLIST_FILE = AMA/Application/Config/Info.plist;
				INFOPLIST_KEY_UIApplicationSupportsIndirectInputEvents = YES;
				INFOPLIST_KEY_UILaunchStoryboardName = LaunchScreen;
				INFOPLIST_KEY_UIMainStoryboardFile = "";
				INFOPLIST_KEY_UISupportedInterfaceOrientations = UIInterfaceOrientationPortrait;
				INFOPLIST_KEY_UISupportedInterfaceOrientations_iPad = "UIInterfaceOrientationLandscapeLeft UIInterfaceOrientationLandscapeRight UIInterfaceOrientationPortrait UIInterfaceOrientationPortraitUpsideDown";
				IPHONEOS_DEPLOYMENT_TARGET = 15.0;
				LD_RUNPATH_SEARCH_PATHS = (
					"$(inherited)",
					"@executable_path/Frameworks",
				);
				MARKETING_VERSION = 1.0;
				PRODUCT_BUNDLE_IDENTIFIER = CAP3.AMA;
				PRODUCT_NAME = "$(TARGET_NAME)";
				SUPPORTED_PLATFORMS = "iphoneos iphonesimulator";
				SUPPORTS_MACCATALYST = NO;
				SUPPORTS_MAC_DESIGNED_FOR_IPHONE_IPAD = NO;
				SWIFT_EMIT_LOC_STRINGS = YES;
				SWIFT_VERSION = 5.0;
				TARGETED_DEVICE_FAMILY = 1;
			};
			name = Release;
		};
/* End XCBuildConfiguration section */

/* Begin XCConfigurationList section */
		EE22BE132BBC1E4300577484 /* Build configuration list for PBXProject "AMA" */ = {
			isa = XCConfigurationList;
			buildConfigurations = (
				EE22BE2A2BBC1E4500577484 /* Debug */,
				EE22BE2B2BBC1E4500577484 /* Release */,
			);
			defaultConfigurationIsVisible = 0;
			defaultConfigurationName = Release;
		};
		EE22BE2C2BBC1E4500577484 /* Build configuration list for PBXNativeTarget "AMA" */ = {
			isa = XCConfigurationList;
			buildConfigurations = (
				EE22BE2D2BBC1E4500577484 /* Debug */,
				EE22BE2E2BBC1E4500577484 /* Release */,
			);
			defaultConfigurationIsVisible = 0;
			defaultConfigurationName = Release;
		};
/* End XCConfigurationList section */

/* Begin XCRemoteSwiftPackageReference section */
		EE22BE362BBC24CC00577484 /* XCRemoteSwiftPackageReference "SnapKit" */ = {
			isa = XCRemoteSwiftPackageReference;
			repositoryURL = "https://github.com/SnapKit/SnapKit";
			requirement = {
				kind = upToNextMajorVersion;
				minimumVersion = 5.7.1;
			};
		};
		EE22BE3B2BBC251D00577484 /* XCRemoteSwiftPackageReference "RxSwift" */ = {
			isa = XCRemoteSwiftPackageReference;
			repositoryURL = "https://github.com/ReactiveX/RxSwift";
			requirement = {
				kind = upToNextMajorVersion;
				minimumVersion = 6.6.0;
			};
		};
/* End XCRemoteSwiftPackageReference section */

/* Begin XCSwiftPackageProductDependency section */
		EE22BE372BBC24CC00577484 /* SnapKit */ = {
			isa = XCSwiftPackageProductDependency;
			package = EE22BE362BBC24CC00577484 /* XCRemoteSwiftPackageReference "SnapKit" */;
			productName = SnapKit;
		};
		EE22BE3C2BBC251D00577484 /* RxBlocking */ = {
			isa = XCSwiftPackageProductDependency;
			package = EE22BE3B2BBC251D00577484 /* XCRemoteSwiftPackageReference "RxSwift" */;
			productName = RxBlocking;
		};
		EE22BE402BBC251D00577484 /* RxCocoa */ = {
			isa = XCSwiftPackageProductDependency;
			package = EE22BE3B2BBC251D00577484 /* XCRemoteSwiftPackageReference "RxSwift" */;
			productName = RxCocoa;
		};
		EE22BE442BBC251D00577484 /* RxRelay */ = {
			isa = XCSwiftPackageProductDependency;
			package = EE22BE3B2BBC251D00577484 /* XCRemoteSwiftPackageReference "RxSwift" */;
			productName = RxRelay;
		};
/* End XCSwiftPackageProductDependency section */
	};
	rootObject = EE22BE102BBC1E4300577484 /* Project object */;
}
